
Microsoft Visual Studio Solution File, Format Version 12.00
# Visual Studio Version 17
VisualStudioVersion = 17.14.36414.22 d17.14
MinimumVisualStudioVersion = 10.0.40219.1
Project("{FAE04EC0-301F-11D3-BF4B-00C04F79EFBC}") = "Projekty", "Projekty.csproj", "{7874DD28-28E1-4A14-86F8-2F444DD25BAF}"
EndProject
Project("{FAE04EC0-301F-11D3-BF4B-00C04F79EFBC}") = "KamenNuzkyPapir", "KamenNuzkyPapir\KamenNuzkyPapir.csproj", "{6CF7C22C-BECE-4E17-9FBE-1E34ED0FBB23}"
EndProject
Project("{FAE04EC0-301F-11D3-BF4B-00C04F79EFBC}") = "Piskvorky", "Piskvorky\Piskvorky.csproj", "{C719A2AF-FC6E-4E17-8636-2CFA13427001}"
EndProject
Project("{FAE04EC0-301F-11D3-BF4B-00C04F79EFBC}") = "Sibenice", "Sibenice\Sibenice.csproj", "{707CB09A-120B-4EE4-BD60-C160FECC3833}"
EndProject
Global
	GlobalSection(SolutionConfigurationPlatforms) = preSolution
		Debug|Any CPU = Debug|Any CPU
		Release|Any CPU = Release|Any CPU
	EndGlobalSection
	GlobalSection(ProjectConfigurationPlatforms) = postSolution
		{7874DD28-28E1-4A14-86F8-2F444DD25BAF}.Debug|Any CPU.ActiveCfg = Debug|Any CPU
		{7874DD28-28E1-4A14-86F8-2F444DD25BAF}.Debug|Any CPU.Build.0 = Debug|Any CPU
		{7874DD28-28E1-4A14-86F8-2F444DD25BAF}.Release|Any CPU.ActiveCfg = Release|Any CPU
		{7874DD28-28E1-4A14-86F8-2F444DD25BAF}.Release|Any CPU.Build.0 = Release|Any CPU
		{6CF7C22C-BECE-4E17-9FBE-1E34ED0FBB23}.Debug|Any CPU.ActiveCfg = Debug|Any CPU
		{6CF7C22C-BECE-4E17-9FBE-1E34ED0FBB23}.Debug|Any CPU.Build.0 = Debug|Any CPU
		{6CF7C22C-BECE-4E17-9FBE-1E34ED0FBB23}.Release|Any CPU.ActiveCfg = Release|Any CPU
		{6CF7C22C-BECE-4E17-9FBE-1E34ED0FBB23}.Release|Any CPU.Build.0 = Release|Any CPU
		{C719A2AF-FC6E-4E17-8636-2CFA13427001}.Debug|Any CPU.ActiveCfg = Debug|Any CPU
		{C719A2AF-FC6E-4E17-8636-2CFA13427001}.Debug|Any CPU.Build.0 = Debug|Any CPU
		{C719A2AF-FC6E-4E17-8636-2CFA13427001}.Release|Any CPU.ActiveCfg = Release|Any CPU
		{C719A2AF-FC6E-4E17-8636-2CFA13427001}.Release|Any CPU.Build.0 = Release|Any CPU
		{707CB09A-120B-4EE4-BD60-C160FECC3833}.Debug|Any CPU.ActiveCfg = Debug|Any CPU
		{707CB09A-120B-4EE4-BD60-C160FECC3833}.Debug|Any CPU.Build.0 = Debug|Any CPU
		{707CB09A-120B-4EE4-BD60-C160FECC3833}.Release|Any CPU.ActiveCfg = Release|Any CPU
		{707CB09A-120B-4EE4-BD60-C160FECC3833}.Release|Any CPU.Build.0 = Release|Any CPU
	EndGlobalSection
	GlobalSection(SolutionProperties) = preSolution
		HideSolutionNode = FALSE
	EndGlobalSection
	GlobalSection(ExtensibilityGlobals) = postSolution
		SolutionGuid = {9B183AA8-7396-4C87-9639-FE3BB1112B41}
	EndGlobalSection
EndGlobal
